
Microsoft Visual Studio Solution File, Format Version 12.00
# Visual Studio Version 16
VisualStudioVersion = 16.0.29424.173
MinimumVisualStudioVersion = 10.0.40219.1
Project("{888888A0-9F3D-457C-B088-3A5042F75D52}") = "BERT-BiLSTM-CRF-NER-test", "BERT-BiLSTM-CRF-NER-test\BERT-BiLSTM-CRF-NER-test.pyproj", "{A5AE47F0-5850-42AB-B0E5-DFCB8BDAFAF4}"
EndProject
Global
	GlobalSection(SolutionConfigurationPlatforms) = preSolution
		Debug|Any CPU = Debug|Any CPU
		Release|Any CPU = Release|Any CPU
	EndGlobalSection
	GlobalSection(ProjectConfigurationPlatforms) = postSolution
		{A5AE47F0-5850-42AB-B0E5-DFCB8BDAFAF4}.Debug|Any CPU.ActiveCfg = Debug|Any CPU
		{A5AE47F0-5850-42AB-B0E5-DFCB8BDAFAF4}.Release|Any CPU.ActiveCfg = Release|Any CPU
	EndGlobalSection
	GlobalSection(SolutionProperties) = preSolution
		HideSolutionNode = FALSE
	EndGlobalSection
	GlobalSection(ExtensibilityGlobals) = postSolution
		SolutionGuid = {AA7DD15B-D2EA-4FC2-BF3D-F79D817AD2C7}
	EndGlobalSection
EndGlobal
